github.com/boltdb/bolt v1.3.1 h1:JQmyP4ZBrce+ZQu0dY660FMfatumYDLun9hBCUVIkF4=
github.com/boltdb/bolt v1.3.1/go.mod h1:clJnj/oiGkjum5o1McbSZDSLxVThjynRyGBgiAx27Ps=
github.com/fengleng/go-common v0.0.3 h1:NQTin4eROQEanyVebnQWCqSfQ4VHfP2h06xLQ/E2hIU=
github.com/fengleng/go-common v0.0.3/go.mod h1:ffHCWqXZwHu+lM7i0R78AUoXVEnHlmMfkgQlYpNJ2OU=
github.com/fengleng/go-common v0.0.6 h1:gRGDZ+U0QjG7g3KAMbhDVgNhdAGFGz72aEwQe/vY4K4=
github.com/fengleng/go-common v0.0.6/go.mod h1:ar8cEtVh7VhQ01kEuUw4jWc3ljs0CqT2yOTJQz+vwrM=
github.com/pingcap/errors v0.11.4 h1:lFuQV/oaUMGcD2tqt+01ROSmJs75VG1ToEOkZIZ4nE4=
github.com/pingcap/errors v0.11.4/go.mod h1:Oi8TUi2kEtXXLMJk9l1cGmz20kV3TaQ0usTwv5KuLY8=
github.com/pkg/errors v0.9.1/go.mod h1:bwawxfHBFNV+L2hUp1rHADufV3IMtnDRdf1r5NINEl0=
golang.org/x/sys v0.0.0-20211124211545-fe61309f8881 h1:TyHqChC80pFkXWraUUf6RuB5IqFdQieMLwwCJokV2pc=
golang.org/x/sys v0.0.0-20211124211545-fe61309f8881/go.mod h1:oPkhp1MJrh7nUepCBck5+mAzfO9JrbApNNgaTdGDITg=
gopkg.in/ini.v1 v1.64.0 h1:Mj2zXEXcNb5joEiSA0zc3HZpTst/iyjNiR4CN8tDzOg=
gopkg.in/ini.v1 v1.64.0/go.mod h1:pNLf8WUiyNEtQjuu5G5vTm06TEv9tsIgeAvK8hOrP4k=
